{
  "name": "gophers",
  "version": "0.0.3",
  "lockfileVersion": 3,
  "requires": true,
  "packages": {
    "": {
      "name": "gophers",
      "version": "0.0.3",
      "license": "MIT",
      "dependencies": {
        "gophers": "^0.0.3"
      }
    },
    "node_modules/gophers": {
      "version": "0.0.3",
      "resolved": "https://registry.npmjs.org/gophers/-/gophers-0.0.3.tgz",
      "integrity": "sha512-dFHxFfn2yKGEcSwlV/ELmIu3EX/142bPgcMS7N70jWUEa5a9BE1ktdsdYYn5KNd7w/B8/s8lo2+qBo4EX8Cb7g=="
    }
  }
}
