{
  "name": "gophers",
  "version": "0.1.5",
  "lockfileVersion": 3,
  "requires": true,
  "packages": {
    "": {
      "name": "gophers",
      "version": "0.1.5",
      "license": "MIT",
      "dependencies": {
        "gophers": "^0.1.5"
      }
    },
    "node_modules/gophers": {
      "version": "0.1.5",
      "resolved": "https://registry.npmjs.org/gophers/-/gophers-0.1.5.tgz",
      "integrity": "sha512-dFHxFfn2yKGEcSwlV/ELmIu3EX/142bPgcMS7N70jWUEa5a9BE1ktdsdYYn5KNd7w/B8/s8lo2+qBo4EX8Cb7g=="
    }
  }
}
